
Microsoft Visual Studio Solution File, Format Version 12.00
# Visual Studio Version 16
VisualStudioVersion = 16.0.30611.23
MinimumVisualStudioVersion = 10.0.40219.1
Project("{FAE04EC0-301F-11D3-BF4B-00C04F79EFBC}") = "Calculator", "Calculator\Calculator.csproj", "{C54BD3EB-5CF3-4B0F-99A9-86FDD5147013}"
EndProject
Global
	GlobalSection(SolutionConfigurationPlatforms) = preSolution
		Debug|Any CPU = Debug|Any CPU
		Release|Any CPU = Release|Any CPU
	EndGlobalSection
	GlobalSection(ProjectConfigurationPlatforms) = postSolution
		{C54BD3EB-5CF3-4B0F-99A9-86FDD5147013}.Debug|Any CPU.ActiveCfg = Debug|Any CPU
		{C54BD3EB-5CF3-4B0F-99A9-86FDD5147013}.Debug|Any CPU.Build.0 = Debug|Any CPU
		{C54BD3EB-5CF3-4B0F-99A9-86FDD5147013}.Release|Any CPU.ActiveCfg = Release|Any CPU
		{C54BD3EB-5CF3-4B0F-99A9-86FDD5147013}.Release|Any CPU.Build.0 = Release|Any CPU
	EndGlobalSection
	GlobalSection(SolutionProperties) = preSolution
		HideSolutionNode = FALSE
	EndGlobalSection
	GlobalSection(ExtensibilityGlobals) = postSolution
		SolutionGuid = {5AA7B809-260C-4FF8-816C-A439A0C07E6D}
	EndGlobalSection
EndGlobal
